
Microsoft Visual Studio Solution File, Format Version 12.00
# Visual Studio Version 17
VisualStudioVersion = 17.5.002.0
MinimumVisualStudioVersion = 10.0.40219.1
Project("{9A19103F-16F7-4668-BE54-9A1E7A4F7556}") = "loteria", "loteria\loteria.csproj", "{4BDA2145-322B-4520-9F54-2F85B26BB37E}"
EndProject
Global
	GlobalSection(SolutionConfigurationPlatforms) = preSolution
		Debug|Any CPU = Debug|Any CPU
		Release|Any CPU = Release|Any CPU
	EndGlobalSection
	GlobalSection(ProjectConfigurationPlatforms) = postSolution
		{4BDA2145-322B-4520-9F54-2F85B26BB37E}.Debug|Any CPU.ActiveCfg = Debug|Any CPU
		{4BDA2145-322B-4520-9F54-2F85B26BB37E}.Debug|Any CPU.Build.0 = Debug|Any CPU
		{4BDA2145-322B-4520-9F54-2F85B26BB37E}.Release|Any CPU.ActiveCfg = Release|Any CPU
		{4BDA2145-322B-4520-9F54-2F85B26BB37E}.Release|Any CPU.Build.0 = Release|Any CPU
	EndGlobalSection
	GlobalSection(SolutionProperties) = preSolution
		HideSolutionNode = FALSE
	EndGlobalSection
	GlobalSection(ExtensibilityGlobals) = postSolution
		SolutionGuid = {6E9A1D64-1D57-4FDC-9D2A-B03BF7F60D35}
	EndGlobalSection
EndGlobal
